PODS:
  - MBProgressHUD (0.9.2)
  - ReachabilitySwift (2.3.3)
  - Result (0.6.0-beta.6)
  - SwiftFlux (0.4.0):
    - Result (~> 0.6-beta.6)

DEPENDENCIES:
  - MBProgressHUD (~> 0.9.2)
  - ReachabilitySwift (from `https://github.com/ashleymills/Reachability.swift`)
  - SwiftFlux (~> 0.4.0)

EXTERNAL SOURCES:
  ReachabilitySwift:
    :git: https://github.com/ashleymills/Reachability.swift

CHECKOUT OPTIONS:
  ReachabilitySwift:
    :commit: ec4b33a7e439e5b203b0cae0f71383ca803ad031
    :git: https://github.com/ashleymills/Reachability.swift

SPEC CHECKSUMS:
  MBProgressHUD: 1569cf7ace17a8bac47aabfbb8580a49690386d1
  ReachabilitySwift: e0f6b6f280effb47731acfaaa2d5ffe223703793
  Result: dc390d0b58f9ec43fcd536f1ebdd130803cc6cbc
  SwiftFlux: 505c15f4ea96df6662f03fb1211dd7f2bb39ce7e

COCOAPODS: 0.39.0
